
Microsoft Visual Studio Solution File, Format Version 12.00
# Visual Studio Version 17
VisualStudioVersion = 17.2.32519.379
MinimumVisualStudioVersion = 10.0.40219.1
Project("{FAE04EC0-301F-11D3-BF4B-00C04F79EFBC}") = "CSVtoPostreSQL", "CSVtoPostreSQL\CSVtoPostreSQL.csproj", "{7A4C29AE-F7DD-42EB-AF20-547DB3686A2F}"
EndProject
Global
	GlobalSection(SolutionConfigurationPlatforms) = preSolution
		Debug|Any CPU = Debug|Any CPU
		Release|Any CPU = Release|Any CPU
	EndGlobalSection
	GlobalSection(ProjectConfigurationPlatforms) = postSolution
		{7A4C29AE-F7DD-42EB-AF20-547DB3686A2F}.Debug|Any CPU.ActiveCfg = Debug|Any CPU
		{7A4C29AE-F7DD-42EB-AF20-547DB3686A2F}.Debug|Any CPU.Build.0 = Debug|Any CPU
		{7A4C29AE-F7DD-42EB-AF20-547DB3686A2F}.Release|Any CPU.ActiveCfg = Release|Any CPU
		{7A4C29AE-F7DD-42EB-AF20-547DB3686A2F}.Release|Any CPU.Build.0 = Release|Any CPU
	EndGlobalSection
	GlobalSection(SolutionProperties) = preSolution
		HideSolutionNode = FALSE
	EndGlobalSection
	GlobalSection(ExtensibilityGlobals) = postSolution
		SolutionGuid = {9C045ED4-3E8C-4C75-AA33-42B8DB6859AD}
	EndGlobalSection
EndGlobal
